{
  "name": "Portfolio",
  "lockfileVersion": 2,
  "requires": true,
  "packages": {
    "": {
      "dependencies": {
        "disable-scroll": "^0.6.0"
      }
    },
    "node_modules/disable-scroll": {
      "version": "0.6.0",
      "resolved": "https://registry.npmjs.org/disable-scroll/-/disable-scroll-0.6.0.tgz",
      "integrity": "sha512-6bTAS16sz+3X7Pib8d5dAO9xo5MvqDZvSlzuhW/2c3NhUvbPNqnsV3JttvnqgNCDEgWUgNWJYM392iUmLETDxA=="
    }
  },
  "dependencies": {
    "disable-scroll": {
      "version": "0.6.0",
      "resolved": "https://registry.npmjs.org/disable-scroll/-/disable-scroll-0.6.0.tgz",
      "integrity": "sha512-6bTAS16sz+3X7Pib8d5dAO9xo5MvqDZvSlzuhW/2c3NhUvbPNqnsV3JttvnqgNCDEgWUgNWJYM392iUmLETDxA=="
    }
  }
}
